
Microsoft Visual Studio Solution File, Format Version 12.00
# Visual Studio 15
VisualStudioVersion = 15.0.27130.2003
MinimumVisualStudioVersion = 10.0.40219.1
Project("{FAE04EC0-301F-11D3-BF4B-00C04F79EFBC}") = "XmlSampleGenerator.App", "XmlSampleGenerator.App\XmlSampleGenerator.App.csproj", "{387D3075-5A4B-414F-8B39-0E16C76C7A25}"
EndProject
Project("{FAE04EC0-301F-11D3-BF4B-00C04F79EFBC}") = "XmlSampleGenerator.Lib", "XmlSampleGenerator.Lib\XmlSampleGenerator.Lib.csproj", "{A79690FA-60F5-4B7D-8328-FBD664A4815A}"
EndProject
Global
	GlobalSection(SolutionConfigurationPlatforms) = preSolution
		Debug|Any CPU = Debug|Any CPU
		Release|Any CPU = Release|Any CPU
	EndGlobalSection
	GlobalSection(ProjectConfigurationPlatforms) = postSolution
		{387D3075-5A4B-414F-8B39-0E16C76C7A25}.Debug|Any CPU.ActiveCfg = Debug|Any CPU
		{387D3075-5A4B-414F-8B39-0E16C76C7A25}.Debug|Any CPU.Build.0 = Debug|Any CPU
		{387D3075-5A4B-414F-8B39-0E16C76C7A25}.Release|Any CPU.ActiveCfg = Release|Any CPU
		{387D3075-5A4B-414F-8B39-0E16C76C7A25}.Release|Any CPU.Build.0 = Release|Any CPU
		{A79690FA-60F5-4B7D-8328-FBD664A4815A}.Debug|Any CPU.ActiveCfg = Debug|Any CPU
		{A79690FA-60F5-4B7D-8328-FBD664A4815A}.Debug|Any CPU.Build.0 = Debug|Any CPU
		{A79690FA-60F5-4B7D-8328-FBD664A4815A}.Release|Any CPU.ActiveCfg = Release|Any CPU
		{A79690FA-60F5-4B7D-8328-FBD664A4815A}.Release|Any CPU.Build.0 = Release|Any CPU
	EndGlobalSection
	GlobalSection(SolutionProperties) = preSolution
		HideSolutionNode = FALSE
	EndGlobalSection
	GlobalSection(ExtensibilityGlobals) = postSolution
		SolutionGuid = {A275FBC7-8C2C-4633-8280-488A85F9FE1C}
	EndGlobalSection
EndGlobal
